version = 1
revision = 3
requires-python = "==3.14.2"

[[package]]
name = "ada-web-access"
version = "0.1.0"
source = { editable = "../core" }
dependencies = [
    { name = "atlanticus-web-profiles" },
]

[package.metadata]
requires-dist = [{ name = "atlanticus-web-profiles", editable = "../../../../../web/capabilities/profiles/core" }]

[package.metadata.requires-dev]
dev = [
    { name = "pytest", specifier = "==9.1.1" },
    { name = "ruff", specifier = "==0.15.22" },
]

[[package]]
name = "ada-web-access-configuration"
version = "0.1.0"
source = { editable = "../configuration" }
dependencies = [
    { name = "ada-web-access" },
    { name = "atlanticus-web-profiles" },
    { name = "atlanticus-web-projection" },
    { name = "atlanticus-web-source" },
]

[package.metadata]
requires-dist = [
    { name = "ada-web-access", editable = "../core" },
    { name = "atlanticus-web", marker = "extra == 'web'", editable = "../../../../../web/framework/core" },
    { name = "atlanticus-web-bootstrap", marker = "extra == 'web'", editable = "../../../../../web/framework/bootstrap" },
    { name = "atlanticus-web-profiles", editable = "../../../../../web/capabilities/profiles/core" },
    { name = "atlanticus-web-projection", editable = "../../../../../web/capabilities/projection/core" },
    { name = "atlanticus-web-source", editable = "../../../../../web/capabilities/source/core" },
    { name = "dash", marker = "extra == 'web'", specifier = "==4.4.1" },
    { name = "dash-bootstrap-components", marker = "extra == 'web'", specifier = "==2.0.4" },
]
provides-extras = ["web"]

[package.metadata.requires-dev]
dev = [
    { name = "pytest", specifier = "==9.1.1" },
    { name = "ruff", specifier = "==0.15.22" },
]

[[package]]
name = "ada-web-access-projection-local"
version = "0.1.0"
source = { editable = "." }
dependencies = [
    { name = "ada-web-access" },
    { name = "ada-web-access-configuration" },
    { name = "atlanticus-web-projection" },
    { name = "atlanticus-web-source" },
]

[package.metadata]
requires-dist = [
    { name = "ada-web-access", editable = "../core" },
    { name = "ada-web-access-configuration", editable = "../configuration" },
    { name = "atlanticus-web-projection", editable = "../../../../../web/capabilities/projection/core" },
    { name = "atlanticus-web-source", editable = "../../../../../web/capabilities/source/core" },
]

[[package]]
name = "atlanticus-web-profiles"
version = "0.1.0"
source = { editable = "../../../../../web/capabilities/profiles/core" }

[[package]]
name = "atlanticus-web-projection"
version = "0.1.0"
source = { editable = "../../../../../web/capabilities/projection/core" }
dependencies = [
    { name = "atlanticus-web-source" },
]

[package.metadata]
requires-dist = [{ name = "atlanticus-web-source", editable = "../../../../../web/capabilities/source/core" }]

[[package]]
name = "atlanticus-web-source"
version = "0.1.0"
source = { editable = "../../../../../web/capabilities/source/core" }
